
Microsoft Visual Studio Solution File, Format Version 12.00
# Visual Studio Version 17
VisualStudioVersion = 17.6.33723.286
MinimumVisualStudioVersion = 10.0.40219.1
Project("{9A19103F-16F7-4668-BE54-9A1E7A4F7556}") = "Back_End", "..\..\back-end\Back-End\Back_End.csproj", "{B0C2333B-4E8D-422B-817C-E9017045D887}"
EndProject
Project("{54A90642-561A-4BB1-A94E-469ADEE60C69}") = "Front_End", "..\..\back-end\Front-End\Front_End.esproj", "{5ACA6FBC-17B7-437E-971D-E5F2F42A1BFF}"
EndProject
Global
	GlobalSection(SolutionConfigurationPlatforms) = preSolution
		Debug|Any CPU = Debug|Any CPU
		Release|Any CPU = Release|Any CPU
	EndGlobalSection
	GlobalSection(ProjectConfigurationPlatforms) = postSolution
		{B0C2333B-4E8D-422B-817C-E9017045D887}.Debug|Any CPU.ActiveCfg = Debug|Any CPU
		{B0C2333B-4E8D-422B-817C-E9017045D887}.Debug|Any CPU.Build.0 = Debug|Any CPU
		{B0C2333B-4E8D-422B-817C-E9017045D887}.Release|Any CPU.ActiveCfg = Release|Any CPU
		{B0C2333B-4E8D-422B-817C-E9017045D887}.Release|Any CPU.Build.0 = Release|Any CPU
		{5ACA6FBC-17B7-437E-971D-E5F2F42A1BFF}.Debug|Any CPU.ActiveCfg = Debug|Any CPU
		{5ACA6FBC-17B7-437E-971D-E5F2F42A1BFF}.Debug|Any CPU.Build.0 = Debug|Any CPU
		{5ACA6FBC-17B7-437E-971D-E5F2F42A1BFF}.Debug|Any CPU.Deploy.0 = Debug|Any CPU
		{5ACA6FBC-17B7-437E-971D-E5F2F42A1BFF}.Release|Any CPU.ActiveCfg = Release|Any CPU
		{5ACA6FBC-17B7-437E-971D-E5F2F42A1BFF}.Release|Any CPU.Build.0 = Release|Any CPU
		{5ACA6FBC-17B7-437E-971D-E5F2F42A1BFF}.Release|Any CPU.Deploy.0 = Release|Any CPU
	EndGlobalSection
	GlobalSection(SolutionProperties) = preSolution
		HideSolutionNode = FALSE
	EndGlobalSection
	GlobalSection(ExtensibilityGlobals) = postSolution
		SolutionGuid = {AA19DF4E-E7CF-4778-8F72-8BC9B54A7835}
	EndGlobalSection
EndGlobal
