
Microsoft Visual Studio Solution File, Format Version 12.00
# Visual Studio Version 17
VisualStudioVersion = 17.6.33723.286
MinimumVisualStudioVersion = 10.0.40219.1
Project("{9A19103F-16F7-4668-BE54-9A1E7A4F7556}") = "Back_End", "Back_End\Back_End.csproj", "{082C1227-09B8-4A08-BC88-25AB6BA31B10}"
EndProject
Project("{54A90642-561A-4BB1-A94E-469ADEE60C69}") = "Front_End", "Front_End\Front_End.esproj", "{0EB54501-1104-4048-AF70-3BCCCBBEA88C}"
EndProject
Project("{FAE04EC0-301F-11D3-BF4B-00C04F79EFBC}") = "Back_End_Tests", "Back_End_Tests\Back_End_Tests.csproj", "{5B3AD759-08A7-4A5A-8D83-1C6A771F77EA}"
EndProject
Global
	GlobalSection(SolutionConfigurationPlatforms) = preSolution
		Debug|Any CPU = Debug|Any CPU
		Release|Any CPU = Release|Any CPU
	EndGlobalSection
	GlobalSection(ProjectConfigurationPlatforms) = postSolution
		{082C1227-09B8-4A08-BC88-25AB6BA31B10}.Debug|Any CPU.ActiveCfg = Debug|Any CPU
		{082C1227-09B8-4A08-BC88-25AB6BA31B10}.Debug|Any CPU.Build.0 = Debug|Any CPU
		{082C1227-09B8-4A08-BC88-25AB6BA31B10}.Release|Any CPU.ActiveCfg = Release|Any CPU
		{082C1227-09B8-4A08-BC88-25AB6BA31B10}.Release|Any CPU.Build.0 = Release|Any CPU
		{0EB54501-1104-4048-AF70-3BCCCBBEA88C}.Debug|Any CPU.ActiveCfg = Debug|Any CPU
		{0EB54501-1104-4048-AF70-3BCCCBBEA88C}.Debug|Any CPU.Build.0 = Debug|Any CPU
		{0EB54501-1104-4048-AF70-3BCCCBBEA88C}.Debug|Any CPU.Deploy.0 = Debug|Any CPU
		{0EB54501-1104-4048-AF70-3BCCCBBEA88C}.Release|Any CPU.ActiveCfg = Release|Any CPU
		{0EB54501-1104-4048-AF70-3BCCCBBEA88C}.Release|Any CPU.Build.0 = Release|Any CPU
		{0EB54501-1104-4048-AF70-3BCCCBBEA88C}.Release|Any CPU.Deploy.0 = Release|Any CPU
		{5B3AD759-08A7-4A5A-8D83-1C6A771F77EA}.Debug|Any CPU.ActiveCfg = Debug|Any CPU
		{5B3AD759-08A7-4A5A-8D83-1C6A771F77EA}.Debug|Any CPU.Build.0 = Debug|Any CPU
		{5B3AD759-08A7-4A5A-8D83-1C6A771F77EA}.Release|Any CPU.ActiveCfg = Release|Any CPU
		{5B3AD759-08A7-4A5A-8D83-1C6A771F77EA}.Release|Any CPU.Build.0 = Release|Any CPU
	EndGlobalSection
	GlobalSection(SolutionProperties) = preSolution
		HideSolutionNode = FALSE
	EndGlobalSection
	GlobalSection(ExtensibilityGlobals) = postSolution
		SolutionGuid = {AA19DF4E-E7CF-4778-8F72-8BC9B54A7835}
	EndGlobalSection
EndGlobal
